// !$*UTF8*$!
{
	archiveVersion = 1;
	classes = {
	};
	objectVersion = 51;
	objects = {

/* Begin PBXBuildFile section */
		0519807E236A5D1C006154B6 /* AvisosTableViewCell.swift in Sources */ = {isa = PBXBuildFile; fileRef = 0519807D236A5D1C006154B6 /* AvisosTableViewCell.swift */; };
		05198080236A5E55006154B6 /* Aviso.swift in Sources */ = {isa = PBXBuildFile; fileRef = 0519807F236A5E55006154B6 /* Aviso.swift */; };
		05198084236A6386006154B6 /* DescargaTableViewCell.swift in Sources */ = {isa = PBXBuildFile; fileRef = 05198083236A6386006154B6 /* DescargaTableViewCell.swift */; };
		051E8241236A1B9F00A909F3 /* LugarViewController.swift in Sources */ = {isa = PBXBuildFile; fileRef = 051E8240236A1B9F00A909F3 /* LugarViewController.swift */; };
		05234B4D2369D91300628C81 /* AgendaTableViewCell.swift in Sources */ = {isa = PBXBuildFile; fileRef = 05234B4C2369D91300628C81 /* AgendaTableViewCell.swift */; };
		05234B4F2369DAED00628C81 /* Agenda.swift in Sources */ = {isa = PBXBuildFile; fileRef = 05234B4E2369DAED00628C81 /* Agenda.swift */; };
		053A02D9236B8EE700B3B647 /* ContactoViewController.swift in Sources */ = {isa = PBXBuildFile; fileRef = 053A02D8236B8EE700B3B647 /* ContactoViewController.swift */; };
		053FEABA236A27ED00632EB4 /* MenuTableViewCell.swift in Sources */ = {isa = PBXBuildFile; fileRef = 053FEAB9236A27ED00632EB4 /* MenuTableViewCell.swift */; };
		053FEABC236A28F300632EB4 /* Menu.swift in Sources */ = {isa = PBXBuildFile; fileRef = 053FEABB236A28F300632EB4 /* Menu.swift */; };
		053FEABE236A2B1100632EB4 /* MenuViewController.swift in Sources */ = {isa = PBXBuildFile; fileRef = 053FEABD236A2B1100632EB4 /* MenuViewController.swift */; };
		05659BFA2374EBE200FD1B09 /* DetalleAgendaTableViewCell.swift in Sources */ = {isa = PBXBuildFile; fileRef = 05659BF92374EBE200FD1B09 /* DetalleAgendaTableViewCell.swift */; };
		05659BFC2374EDD500FD1B09 /* DetalleAgenda.swift in Sources */ = {isa = PBXBuildFile; fileRef = 05659BFB2374EDD500FD1B09 /* DetalleAgenda.swift */; };
		05659BFE2374FCBB00FD1B09 /* DetalleAgendaViewController.swift in Sources */ = {isa = PBXBuildFile; fileRef = 05659BFD2374FCBB00FD1B09 /* DetalleAgendaViewController.swift */; };
		0580E3C72367D1AA00A08638 /* AppDelegate.swift in Sources */ = {isa = PBXBuildFile; fileRef = 0580E3C62367D1AA00A08638 /* AppDelegate.swift */; };
		0580E3C92367D1AA00A08638 /* SceneDelegate.swift in Sources */ = {isa = PBXBuildFile; fileRef = 0580E3C82367D1AA00A08638 /* SceneDelegate.swift */; };
		0580E3CB2367D1AA00A08638 /* ViewController.swift in Sources */ = {isa = PBXBuildFile; fileRef = 0580E3CA2367D1AA00A08638 /* ViewController.swift */; };
		0580E3CE2367D1AA00A08638 /* Main.storyboard in Resources */ = {isa = PBXBuildFile; fileRef = 0580E3CC2367D1AA00A08638 /* Main.storyboard */; };
		0580E3D02367D1AB00A08638 /* Assets.xcassets in Resources */ = {isa = PBXBuildFile; fileRef = 0580E3CF2367D1AB00A08638 /* Assets.xcassets */; };
		0580E3D32367D1AB00A08638 /* LaunchScreen.storyboard in Resources */ = {isa = PBXBuildFile; fileRef = 0580E3D12367D1AB00A08638 /* LaunchScreen.storyboard */; };
		058C7C90236B646800B4AAB2 /* NotificacionesViewController.swift in Sources */ = {isa = PBXBuildFile; fileRef = 058C7C8F236B646800B4AAB2 /* NotificacionesViewController.swift */; };
		058C7C92236B6ABC00B4AAB2 /* SpeakersViewController.swift in Sources */ = {isa = PBXBuildFile; fileRef = 058C7C91236B6ABC00B4AAB2 /* SpeakersViewController.swift */; };
		058C7C94236B6C4F00B4AAB2 /* Speaker.swift in Sources */ = {isa = PBXBuildFile; fileRef = 058C7C93236B6C4F00B4AAB2 /* Speaker.swift */; };
		058C7C96236B718300B4AAB2 /* SpeakerSeleccionadoViewController.swift in Sources */ = {isa = PBXBuildFile; fileRef = 058C7C95236B718300B4AAB2 /* SpeakerSeleccionadoViewController.swift */; };
		05929BF7236CA89F006EBBC2 /* Respuesta.swift in Sources */ = {isa = PBXBuildFile; fileRef = 05929BF6236CA89F006EBBC2 /* Respuesta.swift */; };
		0597628B236E0B1400855253 /* InformacionParticipante.swift in Sources */ = {isa = PBXBuildFile; fileRef = 0597628A236E0B1400855253 /* InformacionParticipante.swift */; };
		05AF249B2375278A00ADBEAA /* Venue2ViewController.swift in Sources */ = {isa = PBXBuildFile; fileRef = 05AF249A2375278A00ADBEAA /* Venue2ViewController.swift */; };
		05AF249D237532AA00ADBEAA /* FAQSTableViewCell.swift in Sources */ = {isa = PBXBuildFile; fileRef = 05AF249C237532AA00ADBEAA /* FAQSTableViewCell.swift */; };
		05AF249F2375332A00ADBEAA /* FAQSViewController.swift in Sources */ = {isa = PBXBuildFile; fileRef = 05AF249E2375332A00ADBEAA /* FAQSViewController.swift */; };
		05AF24A1237533BC00ADBEAA /* FAQS.swift in Sources */ = {isa = PBXBuildFile; fileRef = 05AF24A0237533BC00ADBEAA /* FAQS.swift */; };
		05AF24A32375371400ADBEAA /* FAQSSeleccionadaViewController.swift in Sources */ = {isa = PBXBuildFile; fileRef = 05AF24A22375371400ADBEAA /* FAQSSeleccionadaViewController.swift */; };
		05B478E92375450000F4E824 /* Gif+Image.swift in Sources */ = {isa = PBXBuildFile; fileRef = 05B478E82375450000F4E824 /* Gif+Image.swift */; };
		05B478EB2375468100F4E824 /* CustomLoader.swift in Sources */ = {isa = PBXBuildFile; fileRef = 05B478EA2375468100F4E824 /* CustomLoader.swift */; };
		05B478ED237546BC00F4E824 /* demo.gif in Resources */ = {isa = PBXBuildFile; fileRef = 05B478EC237546BC00F4E824 /* demo.gif */; };
		05C32DB8236A4563005E5DE6 /* Perfil.swift in Sources */ = {isa = PBXBuildFile; fileRef = 05C32DB7236A4563005E5DE6 /* Perfil.swift */; };
		05C32DBA236A46EC005E5DE6 /* PerfilViewController.swift in Sources */ = {isa = PBXBuildFile; fileRef = 05C32DB9236A46EC005E5DE6 /* PerfilViewController.swift */; };
		05D1E9A7236A4C0B001015BD /* PerfilTableViewCell.swift in Sources */ = {isa = PBXBuildFile; fileRef = 05D1E9A6236A4C0B001015BD /* PerfilTableViewCell.swift */; };
		05DA23942369107600A60B72 /* Login.swift in Sources */ = {isa = PBXBuildFile; fileRef = 05DA23932369107600A60B72 /* Login.swift */; };
		05DA23962369159A00A60B72 /* Asistente.swift in Sources */ = {isa = PBXBuildFile; fileRef = 05DA23952369159A00A60B72 /* Asistente.swift */; };
		05DA239C23691C7700A60B72 /* InicioViewController.swift in Sources */ = {isa = PBXBuildFile; fileRef = 05DA239B23691C7700A60B72 /* InicioViewController.swift */; };
		05DA239E23693DBC00A60B72 /* AgendaViewController.swift in Sources */ = {isa = PBXBuildFile; fileRef = 05DA239D23693DBC00A60B72 /* AgendaViewController.swift */; };
		05E12A37236A078800C31DFF /* SliderCollectionViewCell.swift in Sources */ = {isa = PBXBuildFile; fileRef = 05E12A36236A078800C31DFF /* SliderCollectionViewCell.swift */; };
		05FD8C60236CAE210065299C /* GoogleService-Info.plist in Resources */ = {isa = PBXBuildFile; fileRef = 05FD8C5F236CAE200065299C /* GoogleService-Info.plist */; };
		6D54E88A7D9A510AE61BD4F5 /* Pods_K_Forum_2020.framework in Frameworks */ = {isa = PBXBuildFile; fileRef = 8BD40F7A1347A59F946F7EFD /* Pods_K_Forum_2020.framework */; };
/* End PBXBuildFile section */

/* Begin PBXFileReference section */
		0519807D236A5D1C006154B6 /* AvisosTableViewCell.swift */ = {isa = PBXFileReference; lastKnownFileType = sourcecode.swift; path = AvisosTableViewCell.swift; sourceTree = "<group>"; };
		0519807F236A5E55006154B6 /* Aviso.swift */ = {isa = PBXFileReference; lastKnownFileType = sourcecode.swift; path = Aviso.swift; sourceTree = "<group>"; };
		05198083236A6386006154B6 /* DescargaTableViewCell.swift */ = {isa = PBXFileReference; lastKnownFileType = sourcecode.swift; path = DescargaTableViewCell.swift; sourceTree = "<group>"; };
		051E8240236A1B9F00A909F3 /* LugarViewController.swift */ = {isa = PBXFileReference; lastKnownFileType = sourcecode.swift; path = LugarViewController.swift; sourceTree = "<group>"; };
		05234B4C2369D91300628C81 /* AgendaTableViewCell.swift */ = {isa = PBXFileReference; lastKnownFileType = sourcecode.swift; path = AgendaTableViewCell.swift; sourceTree = "<group>"; };
		05234B4E2369DAED00628C81 /* Agenda.swift */ = {isa = PBXFileReference; lastKnownFileType = sourcecode.swift; path = Agenda.swift; sourceTree = "<group>"; };
		053A02D8236B8EE700B3B647 /* ContactoViewController.swift */ = {isa = PBXFileReference; lastKnownFileType = sourcecode.swift; path = ContactoViewController.swift; sourceTree = "<group>"; };
		053FEAB9236A27ED00632EB4 /* MenuTableViewCell.swift */ = {isa = PBXFileReference; lastKnownFileType = sourcecode.swift; path = MenuTableViewCell.swift; sourceTree = "<group>"; };
		053FEABB236A28F300632EB4 /* Menu.swift */ = {isa = PBXFileReference; lastKnownFileType = sourcecode.swift; path = Menu.swift; sourceTree = "<group>"; };
		053FEABD236A2B1100632EB4 /* MenuViewController.swift */ = {isa = PBXFileReference; lastKnownFileType = sourcecode.swift; path = MenuViewController.swift; sourceTree = "<group>"; };
		05659BF92374EBE200FD1B09 /* DetalleAgendaTableViewCell.swift */ = {isa = PBXFileReference; lastKnownFileType = sourcecode.swift; path = DetalleAgendaTableViewCell.swift; sourceTree = "<group>"; };
		05659BFB2374EDD500FD1B09 /* DetalleAgenda.swift */ = {isa = PBXFileReference; lastKnownFileType = sourcecode.swift; path = DetalleAgenda.swift; sourceTree = "<group>"; };
		05659BFD2374FCBB00FD1B09 /* DetalleAgendaViewController.swift */ = {isa = PBXFileReference; lastKnownFileType = sourcecode.swift; path = DetalleAgendaViewController.swift; sourceTree = "<group>"; };
		0580E3C32367D1AA00A08638 /* K-Forum 2020.app */ = {isa = PBXFileReference; explicitFileType = wrapper.application; includeInIndex = 0; path = "K-Forum 2020.app"; sourceTree = BUILT_PRODUCTS_DIR; };
		0580E3C62367D1AA00A08638 /* AppDelegate.swift */ = {isa = PBXFileReference; lastKnownFileType = sourcecode.swift; path = AppDelegate.swift; sourceTree = "<group>"; };
		0580E3C82367D1AA00A08638 /* SceneDelegate.swift */ = {isa = PBXFileReference; lastKnownFileType = sourcecode.swift; path = SceneDelegate.swift; sourceTree = "<group>"; };
		0580E3CA2367D1AA00A08638 /* ViewController.swift */ = {isa = PBXFileReference; lastKnownFileType = sourcecode.swift; path = ViewController.swift; sourceTree = "<group>"; };
		0580E3CD2367D1AA00A08638 /* Base */ = {isa = PBXFileReference; lastKnownFileType = file.storyboard; name = Base; path = Base.lproj/Main.storyboard; sourceTree = "<group>"; };
		0580E3CF2367D1AB00A08638 /* Assets.xcassets */ = {isa = PBXFileReference; lastKnownFileType = folder.assetcatalog; path = Assets.xcassets; sourceTree = "<group>"; };
		0580E3D22367D1AB00A08638 /* Base */ = {isa = PBXFileReference; lastKnownFileType = file.storyboard; name = Base; path = Base.lproj/LaunchScreen.storyboard; sourceTree = "<group>"; };
		0580E3D42367D1AB00A08638 /* Info.plist */ = {isa = PBXFileReference; lastKnownFileType = text.plist.xml; path = Info.plist; sourceTree = "<group>"; };
		058C7C8F236B646800B4AAB2 /* NotificacionesViewController.swift */ = {isa = PBXFileReference; lastKnownFileType = sourcecode.swift; path = NotificacionesViewController.swift; sourceTree = "<group>"; };
		058C7C91236B6ABC00B4AAB2 /* SpeakersViewController.swift */ = {isa = PBXFileReference; lastKnownFileType = sourcecode.swift; path = SpeakersViewController.swift; sourceTree = "<group>"; };
		058C7C93236B6C4F00B4AAB2 /* Speaker.swift */ = {isa = PBXFileReference; lastKnownFileType = sourcecode.swift; path = Speaker.swift; sourceTree = "<group>"; };
		058C7C95236B718300B4AAB2 /* SpeakerSeleccionadoViewController.swift */ = {isa = PBXFileReference; lastKnownFileType = sourcecode.swift; path = SpeakerSeleccionadoViewController.swift; sourceTree = "<group>"; };
		05929BF6236CA89F006EBBC2 /* Respuesta.swift */ = {isa = PBXFileReference; lastKnownFileType = sourcecode.swift; path = Respuesta.swift; sourceTree = "<group>"; };
		0597628A236E0B1400855253 /* InformacionParticipante.swift */ = {isa = PBXFileReference; lastKnownFileType = sourcecode.swift; path = InformacionParticipante.swift; sourceTree = "<group>"; };
		0597628C236E1B7700855253 /* K-Forum 2020.entitlements */ = {isa = PBXFileReference; lastKnownFileType = text.plist.entitlements; path = "K-Forum 2020.entitlements"; sourceTree = "<group>"; };
		05AF249A2375278A00ADBEAA /* Venue2ViewController.swift */ = {isa = PBXFileReference; lastKnownFileType = sourcecode.swift; path = Venue2ViewController.swift; sourceTree = "<group>"; };
		05AF249C237532AA00ADBEAA /* FAQSTableViewCell.swift */ = {isa = PBXFileReference; lastKnownFileType = sourcecode.swift; path = FAQSTableViewCell.swift; sourceTree = "<group>"; };
		05AF249E2375332A00ADBEAA /* FAQSViewController.swift */ = {isa = PBXFileReference; lastKnownFileType = sourcecode.swift; path = FAQSViewController.swift; sourceTree = "<group>"; };
		05AF24A0237533BC00ADBEAA /* FAQS.swift */ = {isa = PBXFileReference; lastKnownFileType = sourcecode.swift; path = FAQS.swift; sourceTree = "<group>"; };
		05AF24A22375371400ADBEAA /* FAQSSeleccionadaViewController.swift */ = {isa = PBXFileReference; lastKnownFileType = sourcecode.swift; path = FAQSSeleccionadaViewController.swift; sourceTree = "<group>"; };
		05B478E82375450000F4E824 /* Gif+Image.swift */ = {isa = PBXFileReference; lastKnownFileType = sourcecode.swift; path = "Gif+Image.swift"; sourceTree = "<group>"; };
		05B478EA2375468100F4E824 /* CustomLoader.swift */ = {isa = PBXFileReference; lastKnownFileType = sourcecode.swift; path = CustomLoader.swift; sourceTree = "<group>"; };
		05B478EC237546BC00F4E824 /* demo.gif */ = {isa = PBXFileReference; lastKnownFileType = image.gif; path = demo.gif; sourceTree = "<group>"; };
		05C32DB7236A4563005E5DE6 /* Perfil.swift */ = {isa = PBXFileReference; lastKnownFileType = sourcecode.swift; path = Perfil.swift; sourceTree = "<group>"; };
		05C32DB9236A46EC005E5DE6 /* PerfilViewController.swift */ = {isa = PBXFileReference; lastKnownFileType = sourcecode.swift; path = PerfilViewController.swift; sourceTree = "<group>"; };
		05D1E9A6236A4C0B001015BD /* PerfilTableViewCell.swift */ = {isa = PBXFileReference; lastKnownFileType = sourcecode.swift; path = PerfilTableViewCell.swift; sourceTree = "<group>"; };
		05DA23932369107600A60B72 /* Login.swift */ = {isa = PBXFileReference; lastKnownFileType = sourcecode.swift; path = Login.swift; sourceTree = "<group>"; };
		05DA23952369159A00A60B72 /* Asistente.swift */ = {isa = PBXFileReference; lastKnownFileType = sourcecode.swift; path = Asistente.swift; sourceTree = "<group>"; };
		05DA239B23691C7700A60B72 /* InicioViewController.swift */ = {isa = PBXFileReference; lastKnownFileType = sourcecode.swift; path = InicioViewController.swift; sourceTree = "<group>"; };
		05DA239D23693DBC00A60B72 /* AgendaViewController.swift */ = {isa = PBXFileReference; lastKnownFileType = sourcecode.swift; path = AgendaViewController.swift; sourceTree = "<group>"; };
		05E12A36236A078800C31DFF /* SliderCollectionViewCell.swift */ = {isa = PBXFileReference; lastKnownFileType = sourcecode.swift; path = SliderCollectionViewCell.swift; sourceTree = "<group>"; };
		05FD8C5F236CAE200065299C /* GoogleService-Info.plist */ = {isa = PBXFileReference; fileEncoding = 4; lastKnownFileType = text.plist.xml; path = "GoogleService-Info.plist"; sourceTree = "<group>"; };
		8BD40F7A1347A59F946F7EFD /* Pods_K_Forum_2020.framework */ = {isa = PBXFileReference; explicitFileType = wrapper.framework; includeInIndex = 0; path = Pods_K_Forum_2020.framework; sourceTree = BUILT_PRODUCTS_DIR; };
		AE6AD064C33C9DC69D259A96 /* Pods-K-Forum 2020.debug.xcconfig */ = {isa = PBXFileReference; includeInIndex = 1; lastKnownFileType = text.xcconfig; name = "Pods-K-Forum 2020.debug.xcconfig"; path = "Target Support Files/Pods-K-Forum 2020/Pods-K-Forum 2020.debug.xcconfig"; sourceTree = "<group>"; };
		D0DD3681E23753F2FE0B458C /* Pods-K-Forum 2020.release.xcconfig */ = {isa = PBXFileReference; includeInIndex = 1; lastKnownFileType = text.xcconfig; name = "Pods-K-Forum 2020.release.xcconfig"; path = "Target Support Files/Pods-K-Forum 2020/Pods-K-Forum 2020.release.xcconfig"; sourceTree = "<group>"; };
/* End PBXFileReference section */

/* Begin PBXFrameworksBuildPhase section */
		0580E3C02367D1AA00A08638 /* Frameworks */ = {
			isa = PBXFrameworksBuildPhase;
			buildActionMask = 2147483647;
			files = (
				6D54E88A7D9A510AE61BD4F5 /* Pods_K_Forum_2020.framework in Frameworks */,
			);
			runOnlyForDeploymentPostprocessing = 0;
		};
/* End PBXFrameworksBuildPhase section */

/* Begin PBXGroup section */
		05234B4B2369D8FA00628C81 /* Cells */ = {
			isa = PBXGroup;
			children = (
				05234B4C2369D91300628C81 /* AgendaTableViewCell.swift */,
				05E12A36236A078800C31DFF /* SliderCollectionViewCell.swift */,
				053FEAB9236A27ED00632EB4 /* MenuTableViewCell.swift */,
				05D1E9A6236A4C0B001015BD /* PerfilTableViewCell.swift */,
				0519807D236A5D1C006154B6 /* AvisosTableViewCell.swift */,
				05198083236A6386006154B6 /* DescargaTableViewCell.swift */,
				05659BF92374EBE200FD1B09 /* DetalleAgendaTableViewCell.swift */,
				05AF249C237532AA00ADBEAA /* FAQSTableViewCell.swift */,
			);
			path = Cells;
			sourceTree = "<group>";
		};
		0580E3BA2367D1AA00A08638 = {
			isa = PBXGroup;
			children = (
				0580E3C52367D1AA00A08638 /* K-Forum 2020 */,
				0580E3C42367D1AA00A08638 /* Products */,
				223E63AA98DB0C31AE79ECC9 /* Pods */,
				C9CEFEEF4AFD7DBF4EAF1086 /* Frameworks */,
			);
			sourceTree = "<group>";
		};
		0580E3C42367D1AA00A08638 /* Products */ = {
			isa = PBXGroup;
			children = (
				0580E3C32367D1AA00A08638 /* K-Forum 2020.app */,
			);
			name = Products;
			sourceTree = "<group>";
		};
		0580E3C52367D1AA00A08638 /* K-Forum 2020 */ = {
			isa = PBXGroup;
			children = (
				05B478E7237544D800F4E824 /* GIF Class */,
				0597628C236E1B7700855253 /* K-Forum 2020.entitlements */,
				05234B4B2369D8FA00628C81 /* Cells */,
				05DA239A23691C6500A60B72 /* Views */,
				05DA23922369105D00A60B72 /* Model */,
				0580E3C62367D1AA00A08638 /* AppDelegate.swift */,
				0580E3C82367D1AA00A08638 /* SceneDelegate.swift */,
				05B478EC237546BC00F4E824 /* demo.gif */,
				05FD8C5F236CAE200065299C /* GoogleService-Info.plist */,
				0580E3CC2367D1AA00A08638 /* Main.storyboard */,
				0580E3CF2367D1AB00A08638 /* Assets.xcassets */,
				0580E3D12367D1AB00A08638 /* LaunchScreen.storyboard */,
				0580E3D42367D1AB00A08638 /* Info.plist */,
				05B478EA2375468100F4E824 /* CustomLoader.swift */,
			);
			path = "K-Forum 2020";
			sourceTree = "<group>";
		};
		05B478E7237544D800F4E824 /* GIF Class */ = {
			isa = PBXGroup;
			children = (
				05B478E82375450000F4E824 /* Gif+Image.swift */,
			);
			path = "GIF Class";
			sourceTree = "<group>";
		};
		05DA23922369105D00A60B72 /* Model */ = {
			isa = PBXGroup;
			children = (
				05DA23932369107600A60B72 /* Login.swift */,
				05DA23952369159A00A60B72 /* Asistente.swift */,
				05234B4E2369DAED00628C81 /* Agenda.swift */,
				053FEABB236A28F300632EB4 /* Menu.swift */,
				05C32DB7236A4563005E5DE6 /* Perfil.swift */,
				0519807F236A5E55006154B6 /* Aviso.swift */,
				058C7C93236B6C4F00B4AAB2 /* Speaker.swift */,
				05929BF6236CA89F006EBBC2 /* Respuesta.swift */,
				0597628A236E0B1400855253 /* InformacionParticipante.swift */,
				05659BFB2374EDD500FD1B09 /* DetalleAgenda.swift */,
				05AF24A0237533BC00ADBEAA /* FAQS.swift */,
			);
			path = Model;
			sourceTree = "<group>";
		};
		05DA239A23691C6500A60B72 /* Views */ = {
			isa = PBXGroup;
			children = (
				0580E3CA2367D1AA00A08638 /* ViewController.swift */,
				05DA239B23691C7700A60B72 /* InicioViewController.swift */,
				05DA239D23693DBC00A60B72 /* AgendaViewController.swift */,
				051E8240236A1B9F00A909F3 /* LugarViewController.swift */,
				053FEABD236A2B1100632EB4 /* MenuViewController.swift */,
				05C32DB9236A46EC005E5DE6 /* PerfilViewController.swift */,
				058C7C8F236B646800B4AAB2 /* NotificacionesViewController.swift */,
				058C7C91236B6ABC00B4AAB2 /* SpeakersViewController.swift */,
				058C7C95236B718300B4AAB2 /* SpeakerSeleccionadoViewController.swift */,
				053A02D8236B8EE700B3B647 /* ContactoViewController.swift */,
				05659BFD2374FCBB00FD1B09 /* DetalleAgendaViewController.swift */,
				05AF249A2375278A00ADBEAA /* Venue2ViewController.swift */,
				05AF249E2375332A00ADBEAA /* FAQSViewController.swift */,
				05AF24A22375371400ADBEAA /* FAQSSeleccionadaViewController.swift */,
			);
			path = Views;
			sourceTree = "<group>";
		};
		223E63AA98DB0C31AE79ECC9 /* Pods */ = {
			isa = PBXGroup;
			children = (
				AE6AD064C33C9DC69D259A96 /* Pods-K-Forum 2020.debug.xcconfig */,
				D0DD3681E23753F2FE0B458C /* Pods-K-Forum 2020.release.xcconfig */,
			);
			path = Pods;
			sourceTree = "<group>";
		};
		C9CEFEEF4AFD7DBF4EAF1086 /* Frameworks */ = {
			isa = PBXGroup;
			children = (
				8BD40F7A1347A59F946F7EFD /* Pods_K_Forum_2020.framework */,
			);
			name = Frameworks;
			sourceTree = "<group>";
		};
/* End PBXGroup section */

/* Begin PBXNativeTarget section */
		0580E3C22367D1AA00A08638 /* K-Forum 2020 */ = {
			isa = PBXNativeTarget;
			buildConfigurationList = 0580E3D72367D1AB00A08638 /* Build configuration list for PBXNativeTarget "K-Forum 2020" */;
			buildPhases = (
				631DB0248FA829E94C48E63A /* [CP] Check Pods Manifest.lock */,
				0580E3BF2367D1AA00A08638 /* Sources */,
				0580E3C02367D1AA00A08638 /* Frameworks */,
				0580E3C12367D1AA00A08638 /* Resources */,
				646E2703F18900EDD7814629 /* [CP] Embed Pods Frameworks */,
			);
			buildRules = (
			);
			dependencies = (
			);
			name = "K-Forum 2020";
			productName = "K-Forum 2020";
			productReference = 0580E3C32367D1AA00A08638 /* K-Forum 2020.app */;
			productType = "com.apple.product-type.application";
		};
/* End PBXNativeTarget section */

/* Begin PBXProject section */
		0580E3BB2367D1AA00A08638 /* Project object */ = {
			isa = PBXProject;
			attributes = {
				LastSwiftUpdateCheck = 1100;
				LastUpgradeCheck = 1100;
				ORGANIZATIONNAME = "Administra Servicios Integrales";
				TargetAttributes = {
					0580E3C22367D1AA00A08638 = {
						CreatedOnToolsVersion = 11.0;
					};
				};
			};
			buildConfigurationList = 0580E3BE2367D1AA00A08638 /* Build configuration list for PBXProject "K-Forum 2020" */;
			compatibilityVersion = "Xcode 9.3";
			developmentRegion = en;
			hasScannedForEncodings = 0;
			knownRegions = (
				en,
				Base,
			);
			mainGroup = 0580E3BA2367D1AA00A08638;
			productRefGroup = 0580E3C42367D1AA00A08638 /* Products */;
			projectDirPath = "";
			projectRoot = "";
			targets = (
				0580E3C22367D1AA00A08638 /* K-Forum 2020 */,
			);
		};
/* End PBXProject section */

/* Begin PBXResourcesBuildPhase section */
		0580E3C12367D1AA00A08638 /* Resources */ = {
			isa = PBXResourcesBuildPhase;
			buildActionMask = 2147483647;
			files = (
				0580E3D32367D1AB00A08638 /* LaunchScreen.storyboard in Resources */,
				05FD8C60236CAE210065299C /* GoogleService-Info.plist in Resources */,
				05B478ED237546BC00F4E824 /* demo.gif in Resources */,
				0580E3D02367D1AB00A08638 /* Assets.xcassets in Resources */,
				0580E3CE2367D1AA00A08638 /* Main.storyboard in Resources */,
			);
			runOnlyForDeploymentPostprocessing = 0;
		};
/* End PBXResourcesBuildPhase section */

/* Begin PBXShellScriptBuildPhase section */
		631DB0248FA829E94C48E63A /* [CP] Check Pods Manifest.lock */ = {
			isa = PBXShellScriptBuildPhase;
			buildActionMask = 2147483647;
			files = (
			);
			inputFileListPaths = (
			);
			inputPaths = (
				"${PODS_PODFILE_DIR_PATH}/Podfile.lock",
				"${PODS_ROOT}/Manifest.lock",
			);
			name = "[CP] Check Pods Manifest.lock";
			outputFileListPaths = (
			);
			outputPaths = (
				"$(DERIVED_FILE_DIR)/Pods-K-Forum 2020-checkManifestLockResult.txt",
			);
			runOnlyForDeploymentPostprocessing = 0;
			shellPath = /bin/sh;
			shellScript = "diff \"${PODS_PODFILE_DIR_PATH}/Podfile.lock\" \"${PODS_ROOT}/Manifest.lock\" > /dev/null\nif [ $? != 0 ] ; then\n    # print error to STDERR\n    echo \"error: The sandbox is not in sync with the Podfile.lock. Run 'pod install' or update your CocoaPods installation.\" >&2\n    exit 1\nfi\n# This output is used by Xcode 'outputs' to avoid re-running this script phase.\necho \"SUCCESS\" > \"${SCRIPT_OUTPUT_FILE_0}\"\n";
			showEnvVarsInLog = 0;
		};
		646E2703F18900EDD7814629 /* [CP] Embed Pods Frameworks */ = {
			isa = PBXShellScriptBuildPhase;
			buildActionMask = 2147483647;
			files = (
			);
			inputFileListPaths = (
				"${PODS_ROOT}/Target Support Files/Pods-K-Forum 2020/Pods-K-Forum 2020-frameworks-${CONFIGURATION}-input-files.xcfilelist",
			);
			name = "[CP] Embed Pods Frameworks";
			outputFileListPaths = (
				"${PODS_ROOT}/Target Support Files/Pods-K-Forum 2020/Pods-K-Forum 2020-frameworks-${CONFIGURATION}-output-files.xcfilelist",
			);
			runOnlyForDeploymentPostprocessing = 0;
			shellPath = /bin/sh;
			shellScript = "\"${PODS_ROOT}/Target Support Files/Pods-K-Forum 2020/Pods-K-Forum 2020-frameworks.sh\"\n";
			showEnvVarsInLog = 0;
		};
/* End PBXShellScriptBuildPhase section */

/* Begin PBXSourcesBuildPhase section */
		0580E3BF2367D1AA00A08638 /* Sources */ = {
			isa = PBXSourcesBuildPhase;
			buildActionMask = 2147483647;
			files = (
				05AF249D237532AA00ADBEAA /* FAQSTableViewCell.swift in Sources */,
				05659BFA2374EBE200FD1B09 /* DetalleAgendaTableViewCell.swift in Sources */,
				05C32DB8236A4563005E5DE6 /* Perfil.swift in Sources */,
				05929BF7236CA89F006EBBC2 /* Respuesta.swift in Sources */,
				0580E3CB2367D1AA00A08638 /* ViewController.swift in Sources */,
				051E8241236A1B9F00A909F3 /* LugarViewController.swift in Sources */,
				05B478E92375450000F4E824 /* Gif+Image.swift in Sources */,
				053A02D9236B8EE700B3B647 /* ContactoViewController.swift in Sources */,
				053FEABA236A27ED00632EB4 /* MenuTableViewCell.swift in Sources */,
				053FEABE236A2B1100632EB4 /* MenuViewController.swift in Sources */,
				05234B4F2369DAED00628C81 /* Agenda.swift in Sources */,
				05C32DBA236A46EC005E5DE6 /* PerfilViewController.swift in Sources */,
				058C7C94236B6C4F00B4AAB2 /* Speaker.swift in Sources */,
				05AF249B2375278A00ADBEAA /* Venue2ViewController.swift in Sources */,
				05AF24A32375371400ADBEAA /* FAQSSeleccionadaViewController.swift in Sources */,
				05DA239C23691C7700A60B72 /* InicioViewController.swift in Sources */,
				0580E3C72367D1AA00A08638 /* AppDelegate.swift in Sources */,
				05659BFC2374EDD500FD1B09 /* DetalleAgenda.swift in Sources */,
				05659BFE2374FCBB00FD1B09 /* DetalleAgendaViewController.swift in Sources */,
				05DA23962369159A00A60B72 /* Asistente.swift in Sources */,
				058C7C90236B646800B4AAB2 /* NotificacionesViewController.swift in Sources */,
				058C7C92236B6ABC00B4AAB2 /* SpeakersViewController.swift in Sources */,
				05AF24A1237533BC00ADBEAA /* FAQS.swift in Sources */,
				05E12A37236A078800C31DFF /* SliderCollectionViewCell.swift in Sources */,
				05198084236A6386006154B6 /* DescargaTableViewCell.swift in Sources */,
				05B478EB2375468100F4E824 /* CustomLoader.swift in Sources */,
				05AF249F2375332A00ADBEAA /* FAQSViewController.swift in Sources */,
				05198080236A5E55006154B6 /* Aviso.swift in Sources */,
				058C7C96236B718300B4AAB2 /* SpeakerSeleccionadoViewController.swift in Sources */,
				0580E3C92367D1AA00A08638 /* SceneDelegate.swift in Sources */,
				0519807E236A5D1C006154B6 /* AvisosTableViewCell.swift in Sources */,
				053FEABC236A28F300632EB4 /* Menu.swift in Sources */,
				05DA239E23693DBC00A60B72 /* AgendaViewController.swift in Sources */,
				0597628B236E0B1400855253 /* InformacionParticipante.swift in Sources */,
				05DA23942369107600A60B72 /* Login.swift in Sources */,
				05D1E9A7236A4C0B001015BD /* PerfilTableViewCell.swift in Sources */,
				05234B4D2369D91300628C81 /* AgendaTableViewCell.swift in Sources */,
			);
			runOnlyForDeploymentPostprocessing = 0;
		};
/* End PBXSourcesBuildPhase section */

/* Begin PBXVariantGroup section */
		0580E3CC2367D1AA00A08638 /* Main.storyboard */ = {
			isa = PBXVariantGroup;
			children = (
				0580E3CD2367D1AA00A08638 /* Base */,
			);
			name = Main.storyboard;
			sourceTree = "<group>";
		};
		0580E3D12367D1AB00A08638 /* LaunchScreen.storyboard */ = {
			isa = PBXVariantGroup;
			children = (
				0580E3D22367D1AB00A08638 /* Base */,
			);
			name = LaunchScreen.storyboard;
			sourceTree = "<group>";
		};
/* End PBXVariantGroup section */

/* Begin XCBuildConfiguration section */
		0580E3D52367D1AB00A08638 /* Debug */ = {
			isa = XCBuildConfiguration;
			buildSettings = {
				ALWAYS_SEARCH_USER_PATHS = NO;
				CLANG_ANALYZER_NONNULL = YES;
				CLANG_ANALYZER_NUMBER_OBJECT_CONVERSION = YES_AGGRESSIVE;
				CLANG_CXX_LANGUAGE_STANDARD = "gnu++14";
				CLANG_CXX_LIBRARY = "libc++";
				CLANG_ENABLE_MODULES = YES;
				CLANG_ENABLE_OBJC_ARC = YES;
				CLANG_ENABLE_OBJC_WEAK = YES;
				CLANG_WARN_BLOCK_CAPTURE_AUTORELEASING = YES;
				CLANG_WARN_BOOL_CONVERSION = YES;
				CLANG_WARN_COMMA = YES;
				CLANG_WARN_CONSTANT_CONVERSION = YES;
				CLANG_WARN_DEPRECATED_OBJC_IMPLEMENTATIONS = YES;
				CLANG_WARN_DIRECT_OBJC_ISA_USAGE = YES_ERROR;
				CLANG_WARN_DOCUMENTATION_COMMENTS = YES;
				CLANG_WARN_EMPTY_BODY = YES;
				CLANG_WARN_ENUM_CONVERSION = YES;
				CLANG_WARN_INFINITE_RECURSION = YES;
				CLANG_WARN_INT_CONVERSION = YES;
				CLANG_WARN_NON_LITERAL_NULL_CONVERSION = YES;
				CLANG_WARN_OBJC_IMPLICIT_RETAIN_SELF = YES;
				CLANG_WARN_OBJC_LITERAL_CONVERSION = YES;
				CLANG_WARN_OBJC_ROOT_CLASS = YES_ERROR;
				CLANG_WARN_RANGE_LOOP_ANALYSIS = YES;
				CLANG_WARN_STRICT_PROTOTYPES = YES;
				CLANG_WARN_SUSPICIOUS_MOVE = YES;
				CLANG_WARN_UNGUARDED_AVAILABILITY = YES_AGGRESSIVE;
				CLANG_WARN_UNREACHABLE_CODE = YES;
				CLANG_WARN__DUPLICATE_METHOD_MATCH = YES;
				COPY_PHASE_STRIP = NO;
				DEBUG_INFORMATION_FORMAT = dwarf;
				ENABLE_STRICT_OBJC_MSGSEND = YES;
				ENABLE_TESTABILITY = YES;
				GCC_C_LANGUAGE_STANDARD = gnu11;
				GCC_DYNAMIC_NO_PIC = NO;
				GCC_NO_COMMON_BLOCKS = YES;
				GCC_OPTIMIZATION_LEVEL = 0;
				GCC_PREPROCESSOR_DEFINITIONS = (
					"DEBUG=1",
					"$(inherited)",
				);
				GCC_WARN_64_TO_32_BIT_CONVERSION = YES;
				GCC_WARN_ABOUT_RETURN_TYPE = YES_ERROR;
				GCC_WARN_UNDECLARED_SELECTOR = YES;
				GCC_WARN_UNINITIALIZED_AUTOS = YES_AGGRESSIVE;
				GCC_WARN_UNUSED_FUNCTION = YES;
				GCC_WARN_UNUSED_VARIABLE = YES;
				IPHONEOS_DEPLOYMENT_TARGET = 13.0;
				MTL_ENABLE_DEBUG_INFO = INCLUDE_SOURCE;
				MTL_FAST_MATH = YES;
				ONLY_ACTIVE_ARCH = YES;
				SDKROOT = iphoneos;
				SWIFT_ACTIVE_COMPILATION_CONDITIONS = DEBUG;
				SWIFT_OPTIMIZATION_LEVEL = "-Onone";
			};
			name = Debug;
		};
		0580E3D62367D1AB00A08638 /* Release */ = {
			isa = XCBuildConfiguration;
			buildSettings = {
				ALWAYS_SEARCH_USER_PATHS = NO;
				CLANG_ANALYZER_NONNULL = YES;
				CLANG_ANALYZER_NUMBER_OBJECT_CONVERSION = YES_AGGRESSIVE;
				CLANG_CXX_LANGUAGE_STANDARD = "gnu++14";
				CLANG_CXX_LIBRARY = "libc++";
				CLANG_ENABLE_MODULES = YES;
				CLANG_ENABLE_OBJC_ARC = YES;
				CLANG_ENABLE_OBJC_WEAK = YES;
				CLANG_WARN_BLOCK_CAPTURE_AUTORELEASING = YES;
				CLANG_WARN_BOOL_CONVERSION = YES;
				CLANG_WARN_COMMA = YES;
				CLANG_WARN_CONSTANT_CONVERSION = YES;
				CLANG_WARN_DEPRECATED_OBJC_IMPLEMENTATIONS = YES;
				CLANG_WARN_DIRECT_OBJC_ISA_USAGE = YES_ERROR;
				CLANG_WARN_DOCUMENTATION_COMMENTS = YES;
				CLANG_WARN_EMPTY_BODY = YES;
				CLANG_WARN_ENUM_CONVERSION = YES;
				CLANG_WARN_INFINITE_RECURSION = YES;
				CLANG_WARN_INT_CONVERSION = YES;
				CLANG_WARN_NON_LITERAL_NULL_CONVERSION = YES;
				CLANG_WARN_OBJC_IMPLICIT_RETAIN_SELF = YES;
				CLANG_WARN_OBJC_LITERAL_CONVERSION = YES;
				CLANG_WARN_OBJC_ROOT_CLASS = YES_ERROR;
				CLANG_WARN_RANGE_LOOP_ANALYSIS = YES;
				CLANG_WARN_STRICT_PROTOTYPES = YES;
				CLANG_WARN_SUSPICIOUS_MOVE = YES;
				CLANG_WARN_UNGUARDED_AVAILABILITY = YES_AGGRESSIVE;
				CLANG_WARN_UNREACHABLE_CODE = YES;
				CLANG_WARN__DUPLICATE_METHOD_MATCH = YES;
				COPY_PHASE_STRIP = NO;
				DEBUG_INFORMATION_FORMAT = "dwarf-with-dsym";
				ENABLE_NS_ASSERTIONS = NO;
				ENABLE_STRICT_OBJC_MSGSEND = YES;
				GCC_C_LANGUAGE_STANDARD = gnu11;
				GCC_NO_COMMON_BLOCKS = YES;
				GCC_WARN_64_TO_32_BIT_CONVERSION = YES;
				GCC_WARN_ABOUT_RETURN_TYPE = YES_ERROR;
				GCC_WARN_UNDECLARED_SELECTOR = YES;
				GCC_WARN_UNINITIALIZED_AUTOS = YES_AGGRESSIVE;
				GCC_WARN_UNUSED_FUNCTION = YES;
				GCC_WARN_UNUSED_VARIABLE = YES;
				IPHONEOS_DEPLOYMENT_TARGET = 13.0;
				MTL_ENABLE_DEBUG_INFO = NO;
				MTL_FAST_MATH = YES;
				SDKROOT = iphoneos;
				SWIFT_COMPILATION_MODE = wholemodule;
				SWIFT_OPTIMIZATION_LEVEL = "-O";
				VALIDATE_PRODUCT = YES;
			};
			name = Release;
		};
		0580E3D82367D1AB00A08638 /* Debug */ = {
			isa = XCBuildConfiguration;
			baseConfigurationReference = AE6AD064C33C9DC69D259A96 /* Pods-K-Forum 2020.debug.xcconfig */;
			buildSettings = {
				ASSETCATALOG_COMPILER_APPICON_NAME = AppIcon;
				CODE_SIGN_ENTITLEMENTS = "K-Forum 2020/K-Forum 2020.entitlements";
				CODE_SIGN_IDENTITY = "Apple Development";
				CODE_SIGN_STYLE = Automatic;
				CURRENT_PROJECT_VERSION = 10;
				DEVELOPMENT_TEAM = 5L2FG34SQ6;
				INFOPLIST_FILE = "K-Forum 2020/Info.plist";
				IPHONEOS_DEPLOYMENT_TARGET = 13.1;
				LD_RUNPATH_SEARCH_PATHS = (
					"$(inherited)",
					"@executable_path/Frameworks",
				);
				MARKETING_VERSION = 1.1.0;
				PRODUCT_BUNDLE_IDENTIFIER = com.administra.kforum2020;
				PRODUCT_NAME = "$(TARGET_NAME)";
				PROVISIONING_PROFILE_SPECIFIER = "";
				SWIFT_VERSION = 5.0;
				TARGETED_DEVICE_FAMILY = "1,2";
			};
			name = Debug;
		};
		0580E3D92367D1AB00A08638 /* Release */ = {
			isa = XCBuildConfiguration;
			baseConfigurationReference = D0DD3681E23753F2FE0B458C /* Pods-K-Forum 2020.release.xcconfig */;
			buildSettings = {
				ASSETCATALOG_COMPILER_APPICON_NAME = AppIcon;
				CODE_SIGN_ENTITLEMENTS = "K-Forum 2020/K-Forum 2020.entitlements";
				CODE_SIGN_IDENTITY = "Apple Development";
				CODE_SIGN_STYLE = Automatic;
				CURRENT_PROJECT_VERSION = 10;
				DEVELOPMENT_TEAM = 5L2FG34SQ6;
				INFOPLIST_FILE = "K-Forum 2020/Info.plist";
				IPHONEOS_DEPLOYMENT_TARGET = 13.1;
				LD_RUNPATH_SEARCH_PATHS = (
					"$(inherited)",
					"@executable_path/Frameworks",
				);
				MARKETING_VERSION = 1.1.0;
				PRODUCT_BUNDLE_IDENTIFIER = com.administra.kforum2020;
				PRODUCT_NAME = "$(TARGET_NAME)";
				PROVISIONING_PROFILE_SPECIFIER = "";
				SWIFT_VERSION = 5.0;
				TARGETED_DEVICE_FAMILY = "1,2";
			};
			name = Release;
		};
/* End XCBuildConfiguration section */

/* Begin XCConfigurationList section */
		0580E3BE2367D1AA00A08638 /* Build configuration list for PBXProject "K-Forum 2020" */ = {
			isa = XCConfigurationList;
			buildConfigurations = (
				0580E3D52367D1AB00A08638 /* Debug */,
				0580E3D62367D1AB00A08638 /* Release */,
			);
			defaultConfigurationIsVisible = 0;
			defaultConfigurationName = Release;
		};
		0580E3D72367D1AB00A08638 /* Build configuration list for PBXNativeTarget "K-Forum 2020" */ = {
			isa = XCConfigurationList;
			buildConfigurations = (
				0580E3D82367D1AB00A08638 /* Debug */,
				0580E3D92367D1AB00A08638 /* Release */,
			);
			defaultConfigurationIsVisible = 0;
			defaultConfigurationName = Release;
		};
/* End XCConfigurationList section */
	};
	rootObject = 0580E3BB2367D1AA00A08638 /* Project object */;
}
